
Microsoft Visual Studio Solution File, Format Version 12.00
# Visual Studio Version 16
VisualStudioVersion = 16.0.30907.101
MinimumVisualStudioVersion = 10.0.40219.1
Project("{FAE04EC0-301F-11D3-BF4B-00C04F79EFBC}") = "AssociationTask(Final Lab_4)", "AssociationTask(Final Lab_4)\AssociationTask(Final Lab_4).csproj", "{47957A3D-0A2E-4CE8-B4F6-CB71E0BD41F7}"
EndProject
Global
	GlobalSection(SolutionConfigurationPlatforms) = preSolution
		Debug|Any CPU = Debug|Any CPU
		Release|Any CPU = Release|Any CPU
	EndGlobalSection
	GlobalSection(ProjectConfigurationPlatforms) = postSolution
		{47957A3D-0A2E-4CE8-B4F6-CB71E0BD41F7}.Debug|Any CPU.ActiveCfg = Debug|Any CPU
		{47957A3D-0A2E-4CE8-B4F6-CB71E0BD41F7}.Debug|Any CPU.Build.0 = Debug|Any CPU
		{47957A3D-0A2E-4CE8-B4F6-CB71E0BD41F7}.Release|Any CPU.ActiveCfg = Release|Any CPU
		{47957A3D-0A2E-4CE8-B4F6-CB71E0BD41F7}.Release|Any CPU.Build.0 = Release|Any CPU
	EndGlobalSection
	GlobalSection(SolutionProperties) = preSolution
		HideSolutionNode = FALSE
	EndGlobalSection
	GlobalSection(ExtensibilityGlobals) = postSolution
		SolutionGuid = {1378E22A-62C4-4E39-8B48-5CF0DA26EFF2}
	EndGlobalSection
EndGlobal
