
Microsoft Visual Studio Solution File, Format Version 12.00
# Visual Studio Version 16
VisualStudioVersion = 16.0.30907.101
MinimumVisualStudioVersion = 10.0.40219.1
Project("{FAE04EC0-301F-11D3-BF4B-00C04F79EFBC}") = "Database_connection_demo", "Database_connection_demo\Database_connection_demo.csproj", "{98815C52-649F-4DDC-998F-A1949434EC87}"
EndProject
Global
	GlobalSection(SolutionConfigurationPlatforms) = preSolution
		Debug|Any CPU = Debug|Any CPU
		Release|Any CPU = Release|Any CPU
	EndGlobalSection
	GlobalSection(ProjectConfigurationPlatforms) = postSolution
		{98815C52-649F-4DDC-998F-A1949434EC87}.Debug|Any CPU.ActiveCfg = Debug|Any CPU
		{98815C52-649F-4DDC-998F-A1949434EC87}.Debug|Any CPU.Build.0 = Debug|Any CPU
		{98815C52-649F-4DDC-998F-A1949434EC87}.Release|Any CPU.ActiveCfg = Release|Any CPU
		{98815C52-649F-4DDC-998F-A1949434EC87}.Release|Any CPU.Build.0 = Release|Any CPU
	EndGlobalSection
	GlobalSection(SolutionProperties) = preSolution
		HideSolutionNode = FALSE
	EndGlobalSection
	GlobalSection(ExtensibilityGlobals) = postSolution
		SolutionGuid = {B7815D05-1277-4E4C-B7CD-599A335F9177}
	EndGlobalSection
EndGlobal
